Microsoft Visual Studio Solution File, Format Version 12.00
# Visual Studio 2012
Project("{FAE04EC0-301F-11D3-BF4B-00C04F79EFBC}") = "Pet", "Pet.csproj", "{CB16DAC6-EA9F-43DA-9073-2EF3CEF234BA}"
EndProject
Global
	GlobalSection(SolutionConfigurationPlatforms) = preSolution
	Debug|Any CPU = Debug|Any CPU
	ExportDebug|Any CPU = ExportDebug|Any CPU
	ExportRelease|Any CPU = ExportRelease|Any CPU
	EndGlobalSection
	GlobalSection(ProjectConfigurationPlatforms) = postSolution
		{CB16DAC6-EA9F-43DA-9073-2EF3CEF234BA}.Debug|Any CPU.ActiveCfg = Debug|Any CPU
		{CB16DAC6-EA9F-43DA-9073-2EF3CEF234BA}.Debug|Any CPU.Build.0 = Debug|Any CPU
		{CB16DAC6-EA9F-43DA-9073-2EF3CEF234BA}.ExportDebug|Any CPU.ActiveCfg = ExportDebug|Any CPU
		{CB16DAC6-EA9F-43DA-9073-2EF3CEF234BA}.ExportDebug|Any CPU.Build.0 = ExportDebug|Any CPU
		{CB16DAC6-EA9F-43DA-9073-2EF3CEF234BA}.ExportRelease|Any CPU.ActiveCfg = ExportRelease|Any CPU
		{CB16DAC6-EA9F-43DA-9073-2EF3CEF234BA}.ExportRelease|Any CPU.Build.0 = ExportRelease|Any CPU
	EndGlobalSection
EndGlobal
